
Microsoft Visual Studio Solution File, Format Version 11.00
# Visual Web Developer Express 2010
Project("{F184B08F-C81C-45F6-A57F-5ABD9991F28F}") = "WebGame", "WebGame\WebGame.vbproj", "{8459ED87-FAAE-4BE1-85B3-69EE85F8D5FC}"
EndProject
Global
	GlobalSection(SolutionConfigurationPlatforms) = preSolution
		Debug|Any CPU = Debug|Any CPU
		Release|Any CPU = Release|Any CPU
	EndGlobalSection
	GlobalSection(ProjectConfigurationPlatforms) = postSolution
		{8459ED87-FAAE-4BE1-85B3-69EE85F8D5FC}.Debug|Any CPU.ActiveCfg = Debug|Any CPU
		{8459ED87-FAAE-4BE1-85B3-69EE85F8D5FC}.Debug|Any CPU.Build.0 = Debug|Any CPU
		{8459ED87-FAAE-4BE1-85B3-69EE85F8D5FC}.Release|Any CPU.ActiveCfg = Release|Any CPU
		{8459ED87-FAAE-4BE1-85B3-69EE85F8D5FC}.Release|Any CPU.Build.0 = Release|Any CPU
	EndGlobalSection
	GlobalSection(SolutionProperties) = preSolution
		HideSolutionNode = FALSE
	EndGlobalSection
EndGlobal
